
Microsoft Visual Studio Solution File, Format Version 12.00
# Visual Studio 15
VisualStudioVersion = 15.0.27703.2042
MinimumVisualStudioVersion = 10.0.40219.1
Project("{FAE04EC0-301F-11D3-BF4B-00C04F79EFBC}") = "EmployeesWeb", "EmployeesWeb\EmployeesWeb.csproj", "{4A18878B-8A9A-47E5-9FAC-4453FDF548C0}"
EndProject
Project("{FAE04EC0-301F-11D3-BF4B-00C04F79EFBC}") = "EmployeesWeb.Tests", "EmployeesWeb.Tests\EmployeesWeb.Tests.csproj", "{EEABD8C9-ACEA-4729-AFB7-9400D1DC943F}"
EndProject
Project("{FAE04EC0-301F-11D3-BF4B-00C04F79EFBC}") = "Employees.DAL", "Employees.DAL\Employees.DAL.csproj", "{712BEBEB-B57D-4DC8-8635-BBFD1BF28501}"
EndProject
Project("{FAE04EC0-301F-11D3-BF4B-00C04F79EFBC}") = "Employees.Model", "Employees.Model\Employees.Model.csproj", "{5B524801-5A62-4853-BE41-E23A89AF4976}"
EndProject
Project("{FAE04EC0-301F-11D3-BF4B-00C04F79EFBC}") = "Employees.BLL", "Employees.BLL\Employees.BLL.csproj", "{02E3005C-B38F-498B-B787-A639F8AE9885}"
EndProject
Global
	GlobalSection(SolutionConfigurationPlatforms) = preSolution
		Debug|Any CPU = Debug|Any CPU
		Release|Any CPU = Release|Any CPU
	EndGlobalSection
	GlobalSection(ProjectConfigurationPlatforms) = postSolution
		{4A18878B-8A9A-47E5-9FAC-4453FDF548C0}.Debug|Any CPU.ActiveCfg = Debug|Any CPU
		{4A18878B-8A9A-47E5-9FAC-4453FDF548C0}.Debug|Any CPU.Build.0 = Debug|Any CPU
		{4A18878B-8A9A-47E5-9FAC-4453FDF548C0}.Release|Any CPU.ActiveCfg = Release|Any CPU
		{4A18878B-8A9A-47E5-9FAC-4453FDF548C0}.Release|Any CPU.Build.0 = Release|Any CPU
		{EEABD8C9-ACEA-4729-AFB7-9400D1DC943F}.Debug|Any CPU.ActiveCfg = Debug|Any CPU
		{EEABD8C9-ACEA-4729-AFB7-9400D1DC943F}.Debug|Any CPU.Build.0 = Debug|Any CPU
		{EEABD8C9-ACEA-4729-AFB7-9400D1DC943F}.Release|Any CPU.ActiveCfg = Release|Any CPU
		{EEABD8C9-ACEA-4729-AFB7-9400D1DC943F}.Release|Any CPU.Build.0 = Release|Any CPU
		{712BEBEB-B57D-4DC8-8635-BBFD1BF28501}.Debug|Any CPU.ActiveCfg = Debug|Any CPU
		{712BEBEB-B57D-4DC8-8635-BBFD1BF28501}.Debug|Any CPU.Build.0 = Debug|Any CPU
		{712BEBEB-B57D-4DC8-8635-BBFD1BF28501}.Release|Any CPU.ActiveCfg = Release|Any CPU
		{712BEBEB-B57D-4DC8-8635-BBFD1BF28501}.Release|Any CPU.Build.0 = Release|Any CPU
		{5B524801-5A62-4853-BE41-E23A89AF4976}.Debug|Any CPU.ActiveCfg = Debug|Any CPU
		{5B524801-5A62-4853-BE41-E23A89AF4976}.Debug|Any CPU.Build.0 = Debug|Any CPU
		{5B524801-5A62-4853-BE41-E23A89AF4976}.Release|Any CPU.ActiveCfg = Release|Any CPU
		{5B524801-5A62-4853-BE41-E23A89AF4976}.Release|Any CPU.Build.0 = Release|Any CPU
		{02E3005C-B38F-498B-B787-A639F8AE9885}.Debug|Any CPU.ActiveCfg = Debug|Any CPU
		{02E3005C-B38F-498B-B787-A639F8AE9885}.Debug|Any CPU.Build.0 = Debug|Any CPU
		{02E3005C-B38F-498B-B787-A639F8AE9885}.Release|Any CPU.ActiveCfg = Release|Any CPU
		{02E3005C-B38F-498B-B787-A639F8AE9885}.Release|Any CPU.Build.0 = Release|Any CPU
	EndGlobalSection
	GlobalSection(SolutionProperties) = preSolution
		HideSolutionNode = FALSE
	EndGlobalSection
	GlobalSection(ExtensibilityGlobals) = postSolution
		SolutionGuid = {2909CF95-8C0E-40CA-9197-03EAD22924FD}
	EndGlobalSection
EndGlobal
